
Microsoft Visual Studio Solution File, Format Version 12.00
# Visual Studio Version 16
VisualStudioVersion = 16.0.30709.132
MinimumVisualStudioVersion = 10.0.40219.1
Project("{FAE04EC0-301F-11D3-BF4B-00C04F79EFBC}") = "SqlHelper", "SqlHelper\SqlHelper.csproj", "{50226DC3-E3EB-4EC9-BABE-5CE89C8C1EF6}"
EndProject
Project("{FAE04EC0-301F-11D3-BF4B-00C04F79EFBC}") = "SqlHelperTest", "SqlHelperTest\SqlHelperTest.csproj", "{FF610F13-8786-435F-9FE8-032DCBC0EED9}"
EndProject
Global
	GlobalSection(SolutionConfigurationPlatforms) = preSolution
		Debug|Any CPU = Debug|Any CPU
		Release|Any CPU = Release|Any CPU
	EndGlobalSection
	GlobalSection(ProjectConfigurationPlatforms) = postSolution
		{50226DC3-E3EB-4EC9-BABE-5CE89C8C1EF6}.Debug|Any CPU.ActiveCfg = Debug|Any CPU
		{50226DC3-E3EB-4EC9-BABE-5CE89C8C1EF6}.Debug|Any CPU.Build.0 = Debug|Any CPU
		{50226DC3-E3EB-4EC9-BABE-5CE89C8C1EF6}.Release|Any CPU.ActiveCfg = Release|Any CPU
		{50226DC3-E3EB-4EC9-BABE-5CE89C8C1EF6}.Release|Any CPU.Build.0 = Release|Any CPU
		{FF610F13-8786-435F-9FE8-032DCBC0EED9}.Debug|Any CPU.ActiveCfg = Debug|Any CPU
		{FF610F13-8786-435F-9FE8-032DCBC0EED9}.Debug|Any CPU.Build.0 = Debug|Any CPU
		{FF610F13-8786-435F-9FE8-032DCBC0EED9}.Release|Any CPU.ActiveCfg = Release|Any CPU
		{FF610F13-8786-435F-9FE8-032DCBC0EED9}.Release|Any CPU.Build.0 = Release|Any CPU
	EndGlobalSection
	GlobalSection(SolutionProperties) = preSolution
		HideSolutionNode = FALSE
	EndGlobalSection
	GlobalSection(ExtensibilityGlobals) = postSolution
		SolutionGuid = {812BF985-DD7F-4BE3-BF2C-ABB7BF87DB8B}
	EndGlobalSection
EndGlobal
